PODS:
  - SACollectionViewVerticalScalingFlowLayout (3.0.0)

DEPENDENCIES:
  - SACollectionViewVerticalScalingFlowLayout (from `../`)

EXTERNAL SOURCES:
  SACollectionViewVerticalScalingFlowLayout:
    :path: "../"

SPEC CHECKSUMS:
  SACollectionViewVerticalScalingFlowLayout: 165ef3786fe7536210b365b4e233d237fd159153

PODFILE CHECKSUM: 3d51e17c576c60bd25c9568a25eb4b563a26fd3a

COCOAPODS: 1.1.0.rc.2
