PODS:
  - SACollectionViewVerticalScalingFlowLayout (2.0.0)

DEPENDENCIES:
  - SACollectionViewVerticalScalingFlowLayout (from `../`)

EXTERNAL SOURCES:
  SACollectionViewVerticalScalingFlowLayout:
    :path: ../

SPEC CHECKSUMS:
  SACollectionViewVerticalScalingFlowLayout: eaba61ead67879d9968ccb99f15e448abef49a0c

COCOAPODS: 0.36.1
